
Microsoft Visual Studio Solution File, Format Version 12.00
# Visual Studio 15
VisualStudioVersion = 15.0.26124.0
MinimumVisualStudioVersion = 15.0.26124.0
Project("{FAE04EC0-301F-11D3-BF4B-00C04F79EFBC}") = "Mock.Intro.Lambda", "src\Mock.Intro.Lambda\Mock.Intro.Lambda.csproj", "{C2A7F3D0-585F-4CA0-AE04-9520C5C4682B}"
EndProject
Project("{FAE04EC0-301F-11D3-BF4B-00C04F79EFBC}") = "Mock.Intro.Services", "src\Mock.Intro.Services\Mock.Intro.Services.csproj", "{70A1851E-0766-484D-82C0-749F4A4288C2}"
EndProject
Project("{FAE04EC0-301F-11D3-BF4B-00C04F79EFBC}") = "Mock.Intro.Tests", "src\Mock.Intro.Tests\Mock.Intro.Tests.csproj", "{6487EBCD-D669-4F8E-8B3C-4172A8CB4867}"
EndProject
Project("{FAE04EC0-301F-11D3-BF4B-00C04F79EFBC}") = "Mock.Intro.WebAPI", "src\Mock.Intro.WebAPI\Mock.Intro.WebAPI.csproj", "{F8251648-A989-48BE-9E01-AB6002C1534E}"
EndProject
Global
	GlobalSection(SolutionConfigurationPlatforms) = preSolution
		Debug|Any CPU = Debug|Any CPU
		Debug|x64 = Debug|x64
		Debug|x86 = Debug|x86
		Release|Any CPU = Release|Any CPU
		Release|x64 = Release|x64
		Release|x86 = Release|x86
	EndGlobalSection
	GlobalSection(SolutionProperties) = preSolution
		HideSolutionNode = FALSE
	EndGlobalSection
	GlobalSection(ProjectConfigurationPlatforms) = postSolution
		{4C90A7D2-D430-4386-A049-DB37351864E8}.Debug|Any CPU.ActiveCfg = Debug|Any CPU
		{4C90A7D2-D430-4386-A049-DB37351864E8}.Debug|Any CPU.Build.0 = Debug|Any CPU
		{4C90A7D2-D430-4386-A049-DB37351864E8}.Debug|x64.ActiveCfg = Debug|Any CPU
		{4C90A7D2-D430-4386-A049-DB37351864E8}.Debug|x64.Build.0 = Debug|Any CPU
		{4C90A7D2-D430-4386-A049-DB37351864E8}.Debug|x86.ActiveCfg = Debug|Any CPU
		{4C90A7D2-D430-4386-A049-DB37351864E8}.Debug|x86.Build.0 = Debug|Any CPU
		{4C90A7D2-D430-4386-A049-DB37351864E8}.Release|Any CPU.ActiveCfg = Release|Any CPU
		{4C90A7D2-D430-4386-A049-DB37351864E8}.Release|Any CPU.Build.0 = Release|Any CPU
		{4C90A7D2-D430-4386-A049-DB37351864E8}.Release|x64.ActiveCfg = Release|Any CPU
		{4C90A7D2-D430-4386-A049-DB37351864E8}.Release|x64.Build.0 = Release|Any CPU
		{4C90A7D2-D430-4386-A049-DB37351864E8}.Release|x86.ActiveCfg = Release|Any CPU
		{4C90A7D2-D430-4386-A049-DB37351864E8}.Release|x86.Build.0 = Release|Any CPU
		{83198341-8E44-48A0-9585-278CD037E522}.Debug|Any CPU.ActiveCfg = Debug|Any CPU
		{83198341-8E44-48A0-9585-278CD037E522}.Debug|Any CPU.Build.0 = Debug|Any CPU
		{83198341-8E44-48A0-9585-278CD037E522}.Debug|x64.ActiveCfg = Debug|Any CPU
		{83198341-8E44-48A0-9585-278CD037E522}.Debug|x64.Build.0 = Debug|Any CPU
		{83198341-8E44-48A0-9585-278CD037E522}.Debug|x86.ActiveCfg = Debug|Any CPU
		{83198341-8E44-48A0-9585-278CD037E522}.Debug|x86.Build.0 = Debug|Any CPU
		{83198341-8E44-48A0-9585-278CD037E522}.Release|Any CPU.ActiveCfg = Release|Any CPU
		{83198341-8E44-48A0-9585-278CD037E522}.Release|Any CPU.Build.0 = Release|Any CPU
		{83198341-8E44-48A0-9585-278CD037E522}.Release|x64.ActiveCfg = Release|Any CPU
		{83198341-8E44-48A0-9585-278CD037E522}.Release|x64.Build.0 = Release|Any CPU
		{83198341-8E44-48A0-9585-278CD037E522}.Release|x86.ActiveCfg = Release|Any CPU
		{83198341-8E44-48A0-9585-278CD037E522}.Release|x86.Build.0 = Release|Any CPU
		{C2A7F3D0-585F-4CA0-AE04-9520C5C4682B}.Debug|Any CPU.ActiveCfg = Debug|Any CPU
		{C2A7F3D0-585F-4CA0-AE04-9520C5C4682B}.Debug|Any CPU.Build.0 = Debug|Any CPU
		{C2A7F3D0-585F-4CA0-AE04-9520C5C4682B}.Debug|x64.ActiveCfg = Debug|Any CPU
		{C2A7F3D0-585F-4CA0-AE04-9520C5C4682B}.Debug|x64.Build.0 = Debug|Any CPU
		{C2A7F3D0-585F-4CA0-AE04-9520C5C4682B}.Debug|x86.ActiveCfg = Debug|Any CPU
		{C2A7F3D0-585F-4CA0-AE04-9520C5C4682B}.Debug|x86.Build.0 = Debug|Any CPU
		{C2A7F3D0-585F-4CA0-AE04-9520C5C4682B}.Release|Any CPU.ActiveCfg = Release|Any CPU
		{C2A7F3D0-585F-4CA0-AE04-9520C5C4682B}.Release|Any CPU.Build.0 = Release|Any CPU
		{C2A7F3D0-585F-4CA0-AE04-9520C5C4682B}.Release|x64.ActiveCfg = Release|Any CPU
		{C2A7F3D0-585F-4CA0-AE04-9520C5C4682B}.Release|x64.Build.0 = Release|Any CPU
		{C2A7F3D0-585F-4CA0-AE04-9520C5C4682B}.Release|x86.ActiveCfg = Release|Any CPU
		{C2A7F3D0-585F-4CA0-AE04-9520C5C4682B}.Release|x86.Build.0 = Release|Any CPU
		{70A1851E-0766-484D-82C0-749F4A4288C2}.Debug|Any CPU.ActiveCfg = Debug|Any CPU
		{70A1851E-0766-484D-82C0-749F4A4288C2}.Debug|Any CPU.Build.0 = Debug|Any CPU
		{70A1851E-0766-484D-82C0-749F4A4288C2}.Debug|x64.ActiveCfg = Debug|Any CPU
		{70A1851E-0766-484D-82C0-749F4A4288C2}.Debug|x64.Build.0 = Debug|Any CPU
		{70A1851E-0766-484D-82C0-749F4A4288C2}.Debug|x86.ActiveCfg = Debug|Any CPU
		{70A1851E-0766-484D-82C0-749F4A4288C2}.Debug|x86.Build.0 = Debug|Any CPU
		{70A1851E-0766-484D-82C0-749F4A4288C2}.Release|Any CPU.ActiveCfg = Release|Any CPU
		{70A1851E-0766-484D-82C0-749F4A4288C2}.Release|Any CPU.Build.0 = Release|Any CPU
		{70A1851E-0766-484D-82C0-749F4A4288C2}.Release|x64.ActiveCfg = Release|Any CPU
		{70A1851E-0766-484D-82C0-749F4A4288C2}.Release|x64.Build.0 = Release|Any CPU
		{70A1851E-0766-484D-82C0-749F4A4288C2}.Release|x86.ActiveCfg = Release|Any CPU
		{70A1851E-0766-484D-82C0-749F4A4288C2}.Release|x86.Build.0 = Release|Any CPU
		{6487EBCD-D669-4F8E-8B3C-4172A8CB4867}.Debug|Any CPU.ActiveCfg = Debug|Any CPU
		{6487EBCD-D669-4F8E-8B3C-4172A8CB4867}.Debug|Any CPU.Build.0 = Debug|Any CPU
		{6487EBCD-D669-4F8E-8B3C-4172A8CB4867}.Debug|x64.ActiveCfg = Debug|Any CPU
		{6487EBCD-D669-4F8E-8B3C-4172A8CB4867}.Debug|x64.Build.0 = Debug|Any CPU
		{6487EBCD-D669-4F8E-8B3C-4172A8CB4867}.Debug|x86.ActiveCfg = Debug|Any CPU
		{6487EBCD-D669-4F8E-8B3C-4172A8CB4867}.Debug|x86.Build.0 = Debug|Any CPU
		{6487EBCD-D669-4F8E-8B3C-4172A8CB4867}.Release|Any CPU.ActiveCfg = Release|Any CPU
		{6487EBCD-D669-4F8E-8B3C-4172A8CB4867}.Release|Any CPU.Build.0 = Release|Any CPU
		{6487EBCD-D669-4F8E-8B3C-4172A8CB4867}.Release|x64.ActiveCfg = Release|Any CPU
		{6487EBCD-D669-4F8E-8B3C-4172A8CB4867}.Release|x64.Build.0 = Release|Any CPU
		{6487EBCD-D669-4F8E-8B3C-4172A8CB4867}.Release|x86.ActiveCfg = Release|Any CPU
		{6487EBCD-D669-4F8E-8B3C-4172A8CB4867}.Release|x86.Build.0 = Release|Any CPU
		{F8251648-A989-48BE-9E01-AB6002C1534E}.Debug|Any CPU.ActiveCfg = Debug|Any CPU
		{F8251648-A989-48BE-9E01-AB6002C1534E}.Debug|Any CPU.Build.0 = Debug|Any CPU
		{F8251648-A989-48BE-9E01-AB6002C1534E}.Debug|x64.ActiveCfg = Debug|Any CPU
		{F8251648-A989-48BE-9E01-AB6002C1534E}.Debug|x64.Build.0 = Debug|Any CPU
		{F8251648-A989-48BE-9E01-AB6002C1534E}.Debug|x86.ActiveCfg = Debug|Any CPU
		{F8251648-A989-48BE-9E01-AB6002C1534E}.Debug|x86.Build.0 = Debug|Any CPU
		{F8251648-A989-48BE-9E01-AB6002C1534E}.Release|Any CPU.ActiveCfg = Release|Any CPU
		{F8251648-A989-48BE-9E01-AB6002C1534E}.Release|Any CPU.Build.0 = Release|Any CPU
		{F8251648-A989-48BE-9E01-AB6002C1534E}.Release|x64.ActiveCfg = Release|Any CPU
		{F8251648-A989-48BE-9E01-AB6002C1534E}.Release|x64.Build.0 = Release|Any CPU
		{F8251648-A989-48BE-9E01-AB6002C1534E}.Release|x86.ActiveCfg = Release|Any CPU
		{F8251648-A989-48BE-9E01-AB6002C1534E}.Release|x86.Build.0 = Release|Any CPU
	EndGlobalSection
EndGlobal
